
Microsoft Visual Studio Solution File, Format Version 12.00
# Visual Studio 15
VisualStudioVersion = 15.0.27428.1
MinimumVisualStudioVersion = 10.0.40219.1
Project("{FAE04EC0-301F-11D3-BF4B-00C04F79EFBC}") = "OcioFastFood", "OcioFastFood\OcioFastFood.csproj", "{EF137FD4-1524-4A0A-AF9A-0DE992C0A556}"
EndProject
Global
	GlobalSection(SolutionConfigurationPlatforms) = preSolution
		Debug|ARM = Debug|ARM
		Debug|x64 = Debug|x64
		Debug|x86 = Debug|x86
		Release|ARM = Release|ARM
		Release|x64 = Release|x64
		Release|x86 = Release|x86
	EndGlobalSection
	GlobalSection(ProjectConfigurationPlatforms) = postSolution
		{EF137FD4-1524-4A0A-AF9A-0DE992C0A556}.Debug|ARM.ActiveCfg = Debug|ARM
		{EF137FD4-1524-4A0A-AF9A-0DE992C0A556}.Debug|ARM.Build.0 = Debug|ARM
		{EF137FD4-1524-4A0A-AF9A-0DE992C0A556}.Debug|ARM.Deploy.0 = Debug|ARM
		{EF137FD4-1524-4A0A-AF9A-0DE992C0A556}.Debug|x64.ActiveCfg = Debug|x64
		{EF137FD4-1524-4A0A-AF9A-0DE992C0A556}.Debug|x64.Build.0 = Debug|x64
		{EF137FD4-1524-4A0A-AF9A-0DE992C0A556}.Debug|x64.Deploy.0 = Debug|x64
		{EF137FD4-1524-4A0A-AF9A-0DE992C0A556}.Debug|x86.ActiveCfg = Debug|x86
		{EF137FD4-1524-4A0A-AF9A-0DE992C0A556}.Debug|x86.Build.0 = Debug|x86
		{EF137FD4-1524-4A0A-AF9A-0DE992C0A556}.Debug|x86.Deploy.0 = Debug|x86
		{EF137FD4-1524-4A0A-AF9A-0DE992C0A556}.Release|ARM.ActiveCfg = Release|ARM
		{EF137FD4-1524-4A0A-AF9A-0DE992C0A556}.Release|ARM.Build.0 = Release|ARM
		{EF137FD4-1524-4A0A-AF9A-0DE992C0A556}.Release|ARM.Deploy.0 = Release|ARM
		{EF137FD4-1524-4A0A-AF9A-0DE992C0A556}.Release|x64.ActiveCfg = Release|x64
		{EF137FD4-1524-4A0A-AF9A-0DE992C0A556}.Release|x64.Build.0 = Release|x64
		{EF137FD4-1524-4A0A-AF9A-0DE992C0A556}.Release|x64.Deploy.0 = Release|x64
		{EF137FD4-1524-4A0A-AF9A-0DE992C0A556}.Release|x86.ActiveCfg = Release|x86
		{EF137FD4-1524-4A0A-AF9A-0DE992C0A556}.Release|x86.Build.0 = Release|x86
		{EF137FD4-1524-4A0A-AF9A-0DE992C0A556}.Release|x86.Deploy.0 = Release|x86
	EndGlobalSection
	GlobalSection(SolutionProperties) = preSolution
		HideSolutionNode = FALSE
	EndGlobalSection
	GlobalSection(ExtensibilityGlobals) = postSolution
		SolutionGuid = {EDFD82F1-5DB8-4347-A9F1-495D8E8AC380}
	EndGlobalSection
EndGlobal
